
Microsoft Visual Studio Solution File, Format Version 12.00
# Visual Studio Version 16
VisualStudioVersion = 16.0.28711.60
MinimumVisualStudioVersion = 15.0.26124.0
Project("{2150E333-8FDC-42A3-9474-1A3956D46DE8}") = "src", "src", "{FF6F9ABE-66F6-42F0-BB6C-D0C8C7372150}"
EndProject
Project("{2150E333-8FDC-42A3-9474-1A3956D46DE8}") = "tests", "tests", "{B8139910-E45E-4FC3-AD98-FDE9FEAFD45D}"
EndProject
Project("{9A19103F-16F7-4668-BE54-9A1E7A4F7556}") = "Microsoft.Identity.Client.Extensions.Web", "src\Microsoft.Identity.Client.Extensions.Web\Microsoft.Identity.Client.Extensions.Web.csproj", "{C1FABF57-2E87-4514-BE8F-FB727B93F3B5}"
EndProject
Project("{D954291E-2A0B-460D-934E-DC6B0785DB48}") = "Shared", "src\Shared\Shared.shproj", "{F575599F-41AD-4CDD-B0AD-3B659A43EE84}"
EndProject
Project("{9A19103F-16F7-4668-BE54-9A1E7A4F7556}") = "Microsoft.Identity.Client.Extensions.Adal", "src\Microsoft.Identity.Client.Extensions.Adal\Microsoft.Identity.Client.Extensions.Adal.csproj", "{A037E740-83F9-49A4-8974-42D589B0503A}"
EndProject
Project("{9A19103F-16F7-4668-BE54-9A1E7A4F7556}") = "Microsoft.Identity.Client.Extensions.Msal", "src\Microsoft.Identity.Client.Extensions.Msal\Microsoft.Identity.Client.Extensions.Msal.csproj", "{9A526F06-5464-43FF-9303-D6CAFAD088F8}"
EndProject
Project("{9A19103F-16F7-4668-BE54-9A1E7A4F7556}") = "Microsoft.Identity.Client.Extensions.Adal.UnitTests", "tests\Microsoft.Identity.Client.Extensions.Adal.UnitTests\Microsoft.Identity.Client.Extensions.Adal.UnitTests.csproj", "{27BFA98C-2EAB-45C1-9E38-80C278A7E782}"
EndProject
Project("{FAE04EC0-301F-11D3-BF4B-00C04F79EFBC}") = "Microsoft.Identity.Client.Extensions.Msal.UnitTests", "tests\Microsoft.Identity.Client.Extensions.Msal.UnitTests\Microsoft.Identity.Client.Extensions.Msal.UnitTests.csproj", "{BF90B8C4-CF40-4994-A599-D6658C038819}"
EndProject
Project("{9A19103F-16F7-4668-BE54-9A1E7A4F7556}") = "Microsoft.Identity.Client.Extensions.Web.UnitTests", "tests\Microsoft.Identity.Client.Extensions.Web.UnitTests\Microsoft.Identity.Client.Extensions.Web.UnitTests.csproj", "{C302F8DE-75D7-4C12-ABD8-5FE37B877A7E}"
EndProject
Project("{FAE04EC0-301F-11D3-BF4B-00C04F79EFBC}") = "ManualTestApp", "tests\ManualTestApp\ManualTestApp.csproj", "{BB4E8B9A-FC60-4B3B-9E32-58F19C7AF6CE}"
EndProject
Project("{FAE04EC0-301F-11D3-BF4B-00C04F79EFBC}") = "ConsoleTestForTokenProviderChains", "tests\ConsoleTestForTokenProviderChains\ConsoleTestForTokenProviderChains.csproj", "{39DFF90A-37E3-4505-950C-E1AB1B23BCEA}"
EndProject
Project("{FAE04EC0-301F-11D3-BF4B-00C04F79EFBC}") = "WebAppTestWithAzureSDK", "tests\WebAppTestWithAzureSDK\WebAppTestWithAzureSDK.csproj", "{2F233ADD-658B-4E3F-86CA-4E031CAD97A5}"
EndProject
Global
	GlobalSection(SharedMSBuildProjectFiles) = preSolution
		src\Shared\Shared.projitems*{f575599f-41ad-4cdd-b0ad-3b659a43ee84}*SharedItemsImports = 13
	EndGlobalSection
	GlobalSection(SolutionConfigurationPlatforms) = preSolution
		Debug|Any CPU = Debug|Any CPU
		Debug|x64 = Debug|x64
		Debug|x86 = Debug|x86
		Release|Any CPU = Release|Any CPU
		Release|x64 = Release|x64
		Release|x86 = Release|x86
	EndGlobalSection
	GlobalSection(ProjectConfigurationPlatforms) = postSolution
		{C1FABF57-2E87-4514-BE8F-FB727B93F3B5}.Debug|Any CPU.ActiveCfg = Debug|Any CPU
		{C1FABF57-2E87-4514-BE8F-FB727B93F3B5}.Debug|Any CPU.Build.0 = Debug|Any CPU
		{C1FABF57-2E87-4514-BE8F-FB727B93F3B5}.Debug|x64.ActiveCfg = Debug|Any CPU
		{C1FABF57-2E87-4514-BE8F-FB727B93F3B5}.Debug|x64.Build.0 = Debug|Any CPU
		{C1FABF57-2E87-4514-BE8F-FB727B93F3B5}.Debug|x86.ActiveCfg = Debug|Any CPU
		{C1FABF57-2E87-4514-BE8F-FB727B93F3B5}.Debug|x86.Build.0 = Debug|Any CPU
		{C1FABF57-2E87-4514-BE8F-FB727B93F3B5}.Release|Any CPU.ActiveCfg = Release|Any CPU
		{C1FABF57-2E87-4514-BE8F-FB727B93F3B5}.Release|Any CPU.Build.0 = Release|Any CPU
		{C1FABF57-2E87-4514-BE8F-FB727B93F3B5}.Release|x64.ActiveCfg = Release|Any CPU
		{C1FABF57-2E87-4514-BE8F-FB727B93F3B5}.Release|x64.Build.0 = Release|Any CPU
		{C1FABF57-2E87-4514-BE8F-FB727B93F3B5}.Release|x86.ActiveCfg = Release|Any CPU
		{C1FABF57-2E87-4514-BE8F-FB727B93F3B5}.Release|x86.Build.0 = Release|Any CPU
		{A037E740-83F9-49A4-8974-42D589B0503A}.Debug|Any CPU.ActiveCfg = Debug|Any CPU
		{A037E740-83F9-49A4-8974-42D589B0503A}.Debug|Any CPU.Build.0 = Debug|Any CPU
		{A037E740-83F9-49A4-8974-42D589B0503A}.Debug|x64.ActiveCfg = Debug|Any CPU
		{A037E740-83F9-49A4-8974-42D589B0503A}.Debug|x64.Build.0 = Debug|Any CPU
		{A037E740-83F9-49A4-8974-42D589B0503A}.Debug|x86.ActiveCfg = Debug|Any CPU
		{A037E740-83F9-49A4-8974-42D589B0503A}.Debug|x86.Build.0 = Debug|Any CPU
		{A037E740-83F9-49A4-8974-42D589B0503A}.Release|Any CPU.ActiveCfg = Release|Any CPU
		{A037E740-83F9-49A4-8974-42D589B0503A}.Release|Any CPU.Build.0 = Release|Any CPU
		{A037E740-83F9-49A4-8974-42D589B0503A}.Release|x64.ActiveCfg = Release|Any CPU
		{A037E740-83F9-49A4-8974-42D589B0503A}.Release|x64.Build.0 = Release|Any CPU
		{A037E740-83F9-49A4-8974-42D589B0503A}.Release|x86.ActiveCfg = Release|Any CPU
		{A037E740-83F9-49A4-8974-42D589B0503A}.Release|x86.Build.0 = Release|Any CPU
		{9A526F06-5464-43FF-9303-D6CAFAD088F8}.Debug|Any CPU.ActiveCfg = Debug|Any CPU
		{9A526F06-5464-43FF-9303-D6CAFAD088F8}.Debug|Any CPU.Build.0 = Debug|Any CPU
		{9A526F06-5464-43FF-9303-D6CAFAD088F8}.Debug|x64.ActiveCfg = Debug|Any CPU
		{9A526F06-5464-43FF-9303-D6CAFAD088F8}.Debug|x64.Build.0 = Debug|Any CPU
		{9A526F06-5464-43FF-9303-D6CAFAD088F8}.Debug|x86.ActiveCfg = Debug|Any CPU
		{9A526F06-5464-43FF-9303-D6CAFAD088F8}.Debug|x86.Build.0 = Debug|Any CPU
		{9A526F06-5464-43FF-9303-D6CAFAD088F8}.Release|Any CPU.ActiveCfg = Release|Any CPU
		{9A526F06-5464-43FF-9303-D6CAFAD088F8}.Release|Any CPU.Build.0 = Release|Any CPU
		{9A526F06-5464-43FF-9303-D6CAFAD088F8}.Release|x64.ActiveCfg = Release|Any CPU
		{9A526F06-5464-43FF-9303-D6CAFAD088F8}.Release|x64.Build.0 = Release|Any CPU
		{9A526F06-5464-43FF-9303-D6CAFAD088F8}.Release|x86.ActiveCfg = Release|Any CPU
		{9A526F06-5464-43FF-9303-D6CAFAD088F8}.Release|x86.Build.0 = Release|Any CPU
		{27BFA98C-2EAB-45C1-9E38-80C278A7E782}.Debug|Any CPU.ActiveCfg = Debug|Any CPU
		{27BFA98C-2EAB-45C1-9E38-80C278A7E782}.Debug|Any CPU.Build.0 = Debug|Any CPU
		{27BFA98C-2EAB-45C1-9E38-80C278A7E782}.Debug|x64.ActiveCfg = Debug|Any CPU
		{27BFA98C-2EAB-45C1-9E38-80C278A7E782}.Debug|x64.Build.0 = Debug|Any CPU
		{27BFA98C-2EAB-45C1-9E38-80C278A7E782}.Debug|x86.ActiveCfg = Debug|Any CPU
		{27BFA98C-2EAB-45C1-9E38-80C278A7E782}.Debug|x86.Build.0 = Debug|Any CPU
		{27BFA98C-2EAB-45C1-9E38-80C278A7E782}.Release|Any CPU.ActiveCfg = Release|Any CPU
		{27BFA98C-2EAB-45C1-9E38-80C278A7E782}.Release|Any CPU.Build.0 = Release|Any CPU
		{27BFA98C-2EAB-45C1-9E38-80C278A7E782}.Release|x64.ActiveCfg = Release|Any CPU
		{27BFA98C-2EAB-45C1-9E38-80C278A7E782}.Release|x64.Build.0 = Release|Any CPU
		{27BFA98C-2EAB-45C1-9E38-80C278A7E782}.Release|x86.ActiveCfg = Release|Any CPU
		{27BFA98C-2EAB-45C1-9E38-80C278A7E782}.Release|x86.Build.0 = Release|Any CPU
		{BF90B8C4-CF40-4994-A599-D6658C038819}.Debug|Any CPU.ActiveCfg = Debug|Any CPU
		{BF90B8C4-CF40-4994-A599-D6658C038819}.Debug|Any CPU.Build.0 = Debug|Any CPU
		{BF90B8C4-CF40-4994-A599-D6658C038819}.Debug|x64.ActiveCfg = Debug|Any CPU
		{BF90B8C4-CF40-4994-A599-D6658C038819}.Debug|x64.Build.0 = Debug|Any CPU
		{BF90B8C4-CF40-4994-A599-D6658C038819}.Debug|x86.ActiveCfg = Debug|Any CPU
		{BF90B8C4-CF40-4994-A599-D6658C038819}.Debug|x86.Build.0 = Debug|Any CPU
		{BF90B8C4-CF40-4994-A599-D6658C038819}.Release|Any CPU.ActiveCfg = Release|Any CPU
		{BF90B8C4-CF40-4994-A599-D6658C038819}.Release|Any CPU.Build.0 = Release|Any CPU
		{BF90B8C4-CF40-4994-A599-D6658C038819}.Release|x64.ActiveCfg = Release|Any CPU
		{BF90B8C4-CF40-4994-A599-D6658C038819}.Release|x64.Build.0 = Release|Any CPU
		{BF90B8C4-CF40-4994-A599-D6658C038819}.Release|x86.ActiveCfg = Release|Any CPU
		{BF90B8C4-CF40-4994-A599-D6658C038819}.Release|x86.Build.0 = Release|Any CPU
		{C302F8DE-75D7-4C12-ABD8-5FE37B877A7E}.Debug|Any CPU.ActiveCfg = Debug|Any CPU
		{C302F8DE-75D7-4C12-ABD8-5FE37B877A7E}.Debug|Any CPU.Build.0 = Debug|Any CPU
		{C302F8DE-75D7-4C12-ABD8-5FE37B877A7E}.Debug|x64.ActiveCfg = Debug|Any CPU
		{C302F8DE-75D7-4C12-ABD8-5FE37B877A7E}.Debug|x64.Build.0 = Debug|Any CPU
		{C302F8DE-75D7-4C12-ABD8-5FE37B877A7E}.Debug|x86.ActiveCfg = Debug|Any CPU
		{C302F8DE-75D7-4C12-ABD8-5FE37B877A7E}.Debug|x86.Build.0 = Debug|Any CPU
		{C302F8DE-75D7-4C12-ABD8-5FE37B877A7E}.Release|Any CPU.ActiveCfg = Release|Any CPU
		{C302F8DE-75D7-4C12-ABD8-5FE37B877A7E}.Release|Any CPU.Build.0 = Release|Any CPU
		{C302F8DE-75D7-4C12-ABD8-5FE37B877A7E}.Release|x64.ActiveCfg = Release|Any CPU
		{C302F8DE-75D7-4C12-ABD8-5FE37B877A7E}.Release|x64.Build.0 = Release|Any CPU
		{C302F8DE-75D7-4C12-ABD8-5FE37B877A7E}.Release|x86.ActiveCfg = Release|Any CPU
		{C302F8DE-75D7-4C12-ABD8-5FE37B877A7E}.Release|x86.Build.0 = Release|Any CPU
		{BB4E8B9A-FC60-4B3B-9E32-58F19C7AF6CE}.Debug|Any CPU.ActiveCfg = Debug|Any CPU
		{BB4E8B9A-FC60-4B3B-9E32-58F19C7AF6CE}.Debug|Any CPU.Build.0 = Debug|Any CPU
		{BB4E8B9A-FC60-4B3B-9E32-58F19C7AF6CE}.Debug|x64.ActiveCfg = Debug|Any CPU
		{BB4E8B9A-FC60-4B3B-9E32-58F19C7AF6CE}.Debug|x64.Build.0 = Debug|Any CPU
		{BB4E8B9A-FC60-4B3B-9E32-58F19C7AF6CE}.Debug|x86.ActiveCfg = Debug|Any CPU
		{BB4E8B9A-FC60-4B3B-9E32-58F19C7AF6CE}.Debug|x86.Build.0 = Debug|Any CPU
		{BB4E8B9A-FC60-4B3B-9E32-58F19C7AF6CE}.Release|Any CPU.ActiveCfg = Release|Any CPU
		{BB4E8B9A-FC60-4B3B-9E32-58F19C7AF6CE}.Release|Any CPU.Build.0 = Release|Any CPU
		{BB4E8B9A-FC60-4B3B-9E32-58F19C7AF6CE}.Release|x64.ActiveCfg = Release|Any CPU
		{BB4E8B9A-FC60-4B3B-9E32-58F19C7AF6CE}.Release|x64.Build.0 = Release|Any CPU
		{BB4E8B9A-FC60-4B3B-9E32-58F19C7AF6CE}.Release|x86.ActiveCfg = Release|Any CPU
		{BB4E8B9A-FC60-4B3B-9E32-58F19C7AF6CE}.Release|x86.Build.0 = Release|Any CPU
		{39DFF90A-37E3-4505-950C-E1AB1B23BCEA}.Debug|Any CPU.ActiveCfg = Debug|Any CPU
		{39DFF90A-37E3-4505-950C-E1AB1B23BCEA}.Debug|Any CPU.Build.0 = Debug|Any CPU
		{39DFF90A-37E3-4505-950C-E1AB1B23BCEA}.Debug|x64.ActiveCfg = Debug|Any CPU
		{39DFF90A-37E3-4505-950C-E1AB1B23BCEA}.Debug|x64.Build.0 = Debug|Any CPU
		{39DFF90A-37E3-4505-950C-E1AB1B23BCEA}.Debug|x86.ActiveCfg = Debug|Any CPU
		{39DFF90A-37E3-4505-950C-E1AB1B23BCEA}.Debug|x86.Build.0 = Debug|Any CPU
		{39DFF90A-37E3-4505-950C-E1AB1B23BCEA}.Release|Any CPU.ActiveCfg = Release|Any CPU
		{39DFF90A-37E3-4505-950C-E1AB1B23BCEA}.Release|Any CPU.Build.0 = Release|Any CPU
		{39DFF90A-37E3-4505-950C-E1AB1B23BCEA}.Release|x64.ActiveCfg = Release|Any CPU
		{39DFF90A-37E3-4505-950C-E1AB1B23BCEA}.Release|x64.Build.0 = Release|Any CPU
		{39DFF90A-37E3-4505-950C-E1AB1B23BCEA}.Release|x86.ActiveCfg = Release|Any CPU
		{39DFF90A-37E3-4505-950C-E1AB1B23BCEA}.Release|x86.Build.0 = Release|Any CPU
		{2F233ADD-658B-4E3F-86CA-4E031CAD97A5}.Debug|Any CPU.ActiveCfg = Debug|Any CPU
		{2F233ADD-658B-4E3F-86CA-4E031CAD97A5}.Debug|Any CPU.Build.0 = Debug|Any CPU
		{2F233ADD-658B-4E3F-86CA-4E031CAD97A5}.Debug|x64.ActiveCfg = Debug|Any CPU
		{2F233ADD-658B-4E3F-86CA-4E031CAD97A5}.Debug|x64.Build.0 = Debug|Any CPU
		{2F233ADD-658B-4E3F-86CA-4E031CAD97A5}.Debug|x86.ActiveCfg = Debug|Any CPU
		{2F233ADD-658B-4E3F-86CA-4E031CAD97A5}.Debug|x86.Build.0 = Debug|Any CPU
		{2F233ADD-658B-4E3F-86CA-4E031CAD97A5}.Release|Any CPU.ActiveCfg = Release|Any CPU
		{2F233ADD-658B-4E3F-86CA-4E031CAD97A5}.Release|Any CPU.Build.0 = Release|Any CPU
		{2F233ADD-658B-4E3F-86CA-4E031CAD97A5}.Release|x64.ActiveCfg = Release|Any CPU
		{2F233ADD-658B-4E3F-86CA-4E031CAD97A5}.Release|x64.Build.0 = Release|Any CPU
		{2F233ADD-658B-4E3F-86CA-4E031CAD97A5}.Release|x86.ActiveCfg = Release|Any CPU
		{2F233ADD-658B-4E3F-86CA-4E031CAD97A5}.Release|x86.Build.0 = Release|Any CPU
	EndGlobalSection
	GlobalSection(SolutionProperties) = preSolution
		HideSolutionNode = FALSE
	EndGlobalSection
	GlobalSection(NestedProjects) = preSolution
		{C1FABF57-2E87-4514-BE8F-FB727B93F3B5} = {FF6F9ABE-66F6-42F0-BB6C-D0C8C7372150}
		{F575599F-41AD-4CDD-B0AD-3B659A43EE84} = {FF6F9ABE-66F6-42F0-BB6C-D0C8C7372150}
		{A037E740-83F9-49A4-8974-42D589B0503A} = {FF6F9ABE-66F6-42F0-BB6C-D0C8C7372150}
		{9A526F06-5464-43FF-9303-D6CAFAD088F8} = {FF6F9ABE-66F6-42F0-BB6C-D0C8C7372150}
		{27BFA98C-2EAB-45C1-9E38-80C278A7E782} = {B8139910-E45E-4FC3-AD98-FDE9FEAFD45D}
		{BF90B8C4-CF40-4994-A599-D6658C038819} = {B8139910-E45E-4FC3-AD98-FDE9FEAFD45D}
		{C302F8DE-75D7-4C12-ABD8-5FE37B877A7E} = {B8139910-E45E-4FC3-AD98-FDE9FEAFD45D}
		{BB4E8B9A-FC60-4B3B-9E32-58F19C7AF6CE} = {B8139910-E45E-4FC3-AD98-FDE9FEAFD45D}
		{39DFF90A-37E3-4505-950C-E1AB1B23BCEA} = {B8139910-E45E-4FC3-AD98-FDE9FEAFD45D}
		{2F233ADD-658B-4E3F-86CA-4E031CAD97A5} = {B8139910-E45E-4FC3-AD98-FDE9FEAFD45D}
	EndGlobalSection
	GlobalSection(ExtensibilityGlobals) = postSolution
		SolutionGuid = {92BA1502-D540-4EF8-93F0-4D7EA682B10B}
	EndGlobalSection
EndGlobal
