
Microsoft Visual Studio Solution File, Format Version 12.00
# Visual Studio Version 16
VisualStudioVersion = 16.0.28711.60
MinimumVisualStudioVersion = 15.0.26124.0
Project("{2150E333-8FDC-42A3-9474-1A3956D46DE8}") = "src", "src", "{FF6F9ABE-66F6-42F0-BB6C-D0C8C7372150}"
EndProject
Project("{2150E333-8FDC-42A3-9474-1A3956D46DE8}") = "tests", "tests", "{B8139910-E45E-4FC3-AD98-FDE9FEAFD45D}"
	ProjectSection(SolutionItems) = preProject
		tests\Directory.Build.props = tests\Directory.Build.props
	EndProjectSection
EndProject
Project("{D954291E-2A0B-460D-934E-DC6B0785DB48}") = "Shared", "src\Shared\Shared.shproj", "{F575599F-41AD-4CDD-B0AD-3B659A43EE84}"
EndProject
Project("{9A19103F-16F7-4668-BE54-9A1E7A4F7556}") = "Microsoft.Identity.Client.Extensions.Adal", "src\Microsoft.Identity.Client.Extensions.Adal\Microsoft.Identity.Client.Extensions.Adal.csproj", "{A037E740-83F9-49A4-8974-42D589B0503A}"
EndProject
Project("{9A19103F-16F7-4668-BE54-9A1E7A4F7556}") = "Microsoft.Identity.Client.Extensions.Msal", "src\Microsoft.Identity.Client.Extensions.Msal\Microsoft.Identity.Client.Extensions.Msal.csproj", "{9A526F06-5464-43FF-9303-D6CAFAD088F8}"
EndProject
Project("{9A19103F-16F7-4668-BE54-9A1E7A4F7556}") = "Microsoft.Identity.Client.Extensions.Adal.UnitTests", "tests\Microsoft.Identity.Client.Extensions.Adal.UnitTests\Microsoft.Identity.Client.Extensions.Adal.UnitTests.csproj", "{27BFA98C-2EAB-45C1-9E38-80C278A7E782}"
EndProject
Project("{9A19103F-16F7-4668-BE54-9A1E7A4F7556}") = "Microsoft.Identity.Client.Extensions.Msal.UnitTests", "tests\Microsoft.Identity.Client.Extensions.Msal.UnitTests\Microsoft.Identity.Client.Extensions.Msal.UnitTests.csproj", "{BF90B8C4-CF40-4994-A599-D6658C038819}"
EndProject
Project("{9A19103F-16F7-4668-BE54-9A1E7A4F7556}") = "ManualTestApp", "tests\ManualTestApp\ManualTestApp.csproj", "{BB4E8B9A-FC60-4B3B-9E32-58F19C7AF6CE}"
EndProject
Project("{2150E333-8FDC-42A3-9474-1A3956D46DE8}") = "build", "build", "{D6543F66-0A93-4D0B-9A31-11A57C22BC99}"
	ProjectSection(SolutionItems) = preProject
		.editorconfig = .editorconfig
		azure-pipelines.yml = azure-pipelines.yml
		Directory.Build.props = Directory.Build.props
	EndProjectSection
EndProject
Project("{9A19103F-16F7-4668-BE54-9A1E7A4F7556}") = "Automation.TestApp", "tests\Automation.TestApp\Automation.TestApp.csproj", "{963834D9-B679-4976-84DC-66638CF4CA0F}"
EndProject
Project("{FAE04EC0-301F-11D3-BF4B-00C04F79EFBC}") = "Microsoft.Identity.Client.Extensions.Browsers", "Microsoft.Identity.Client.Extensions.Browsers\Microsoft.Identity.Client.Extensions.Browsers.csproj", "{1E8F20B7-3F2A-448E-AE28-F195D634BECD}"
EndProject
Global
	GlobalSection(SharedMSBuildProjectFiles) = preSolution
		src\Shared\Shared.projitems*{9a526f06-5464-43ff-9303-d6cafad088f8}*SharedItemsImports = 5
		src\Shared\Shared.projitems*{a037e740-83f9-49a4-8974-42d589b0503a}*SharedItemsImports = 5
		src\Shared\Shared.projitems*{f575599f-41ad-4cdd-b0ad-3b659a43ee84}*SharedItemsImports = 13
	EndGlobalSection
	GlobalSection(SolutionConfigurationPlatforms) = preSolution
		Debug|Any CPU = Debug|Any CPU
		Debug|x64 = Debug|x64
		Debug|x86 = Debug|x86
		Release|Any CPU = Release|Any CPU
		Release|x64 = Release|x64
		Release|x86 = Release|x86
	EndGlobalSection
	GlobalSection(ProjectConfigurationPlatforms) = postSolution
		{A037E740-83F9-49A4-8974-42D589B0503A}.Debug|Any CPU.ActiveCfg = Debug|Any CPU
		{A037E740-83F9-49A4-8974-42D589B0503A}.Debug|Any CPU.Build.0 = Debug|Any CPU
		{A037E740-83F9-49A4-8974-42D589B0503A}.Debug|x64.ActiveCfg = Debug|Any CPU
		{A037E740-83F9-49A4-8974-42D589B0503A}.Debug|x64.Build.0 = Debug|Any CPU
		{A037E740-83F9-49A4-8974-42D589B0503A}.Debug|x86.ActiveCfg = Debug|Any CPU
		{A037E740-83F9-49A4-8974-42D589B0503A}.Debug|x86.Build.0 = Debug|Any CPU
		{A037E740-83F9-49A4-8974-42D589B0503A}.Release|Any CPU.ActiveCfg = Release|Any CPU
		{A037E740-83F9-49A4-8974-42D589B0503A}.Release|Any CPU.Build.0 = Release|Any CPU
		{A037E740-83F9-49A4-8974-42D589B0503A}.Release|x64.ActiveCfg = Release|Any CPU
		{A037E740-83F9-49A4-8974-42D589B0503A}.Release|x64.Build.0 = Release|Any CPU
		{A037E740-83F9-49A4-8974-42D589B0503A}.Release|x86.ActiveCfg = Release|Any CPU
		{A037E740-83F9-49A4-8974-42D589B0503A}.Release|x86.Build.0 = Release|Any CPU
		{9A526F06-5464-43FF-9303-D6CAFAD088F8}.Debug|Any CPU.ActiveCfg = Debug|Any CPU
		{9A526F06-5464-43FF-9303-D6CAFAD088F8}.Debug|Any CPU.Build.0 = Debug|Any CPU
		{9A526F06-5464-43FF-9303-D6CAFAD088F8}.Debug|x64.ActiveCfg = Debug|Any CPU
		{9A526F06-5464-43FF-9303-D6CAFAD088F8}.Debug|x64.Build.0 = Debug|Any CPU
		{9A526F06-5464-43FF-9303-D6CAFAD088F8}.Debug|x86.ActiveCfg = Debug|Any CPU
		{9A526F06-5464-43FF-9303-D6CAFAD088F8}.Debug|x86.Build.0 = Debug|Any CPU
		{9A526F06-5464-43FF-9303-D6CAFAD088F8}.Release|Any CPU.ActiveCfg = Release|Any CPU
		{9A526F06-5464-43FF-9303-D6CAFAD088F8}.Release|Any CPU.Build.0 = Release|Any CPU
		{9A526F06-5464-43FF-9303-D6CAFAD088F8}.Release|x64.ActiveCfg = Release|Any CPU
		{9A526F06-5464-43FF-9303-D6CAFAD088F8}.Release|x64.Build.0 = Release|Any CPU
		{9A526F06-5464-43FF-9303-D6CAFAD088F8}.Release|x86.ActiveCfg = Release|Any CPU
		{9A526F06-5464-43FF-9303-D6CAFAD088F8}.Release|x86.Build.0 = Release|Any CPU
		{27BFA98C-2EAB-45C1-9E38-80C278A7E782}.Debug|Any CPU.ActiveCfg = Debug|Any CPU
		{27BFA98C-2EAB-45C1-9E38-80C278A7E782}.Debug|Any CPU.Build.0 = Debug|Any CPU
		{27BFA98C-2EAB-45C1-9E38-80C278A7E782}.Debug|x64.ActiveCfg = Debug|Any CPU
		{27BFA98C-2EAB-45C1-9E38-80C278A7E782}.Debug|x64.Build.0 = Debug|Any CPU
		{27BFA98C-2EAB-45C1-9E38-80C278A7E782}.Debug|x86.ActiveCfg = Debug|Any CPU
		{27BFA98C-2EAB-45C1-9E38-80C278A7E782}.Debug|x86.Build.0 = Debug|Any CPU
		{27BFA98C-2EAB-45C1-9E38-80C278A7E782}.Release|Any CPU.ActiveCfg = Release|Any CPU
		{27BFA98C-2EAB-45C1-9E38-80C278A7E782}.Release|Any CPU.Build.0 = Release|Any CPU
		{27BFA98C-2EAB-45C1-9E38-80C278A7E782}.Release|x64.ActiveCfg = Release|Any CPU
		{27BFA98C-2EAB-45C1-9E38-80C278A7E782}.Release|x64.Build.0 = Release|Any CPU
		{27BFA98C-2EAB-45C1-9E38-80C278A7E782}.Release|x86.ActiveCfg = Release|Any CPU
		{27BFA98C-2EAB-45C1-9E38-80C278A7E782}.Release|x86.Build.0 = Release|Any CPU
		{BF90B8C4-CF40-4994-A599-D6658C038819}.Debug|Any CPU.ActiveCfg = Debug|Any CPU
		{BF90B8C4-CF40-4994-A599-D6658C038819}.Debug|Any CPU.Build.0 = Debug|Any CPU
		{BF90B8C4-CF40-4994-A599-D6658C038819}.Debug|x64.ActiveCfg = Debug|Any CPU
		{BF90B8C4-CF40-4994-A599-D6658C038819}.Debug|x64.Build.0 = Debug|Any CPU
		{BF90B8C4-CF40-4994-A599-D6658C038819}.Debug|x86.ActiveCfg = Debug|Any CPU
		{BF90B8C4-CF40-4994-A599-D6658C038819}.Debug|x86.Build.0 = Debug|Any CPU
		{BF90B8C4-CF40-4994-A599-D6658C038819}.Release|Any CPU.ActiveCfg = Release|Any CPU
		{BF90B8C4-CF40-4994-A599-D6658C038819}.Release|Any CPU.Build.0 = Release|Any CPU
		{BF90B8C4-CF40-4994-A599-D6658C038819}.Release|x64.ActiveCfg = Release|Any CPU
		{BF90B8C4-CF40-4994-A599-D6658C038819}.Release|x64.Build.0 = Release|Any CPU
		{BF90B8C4-CF40-4994-A599-D6658C038819}.Release|x86.ActiveCfg = Release|Any CPU
		{BF90B8C4-CF40-4994-A599-D6658C038819}.Release|x86.Build.0 = Release|Any CPU
		{BB4E8B9A-FC60-4B3B-9E32-58F19C7AF6CE}.Debug|Any CPU.ActiveCfg = Debug|Any CPU
		{BB4E8B9A-FC60-4B3B-9E32-58F19C7AF6CE}.Debug|Any CPU.Build.0 = Debug|Any CPU
		{BB4E8B9A-FC60-4B3B-9E32-58F19C7AF6CE}.Debug|x64.ActiveCfg = Debug|Any CPU
		{BB4E8B9A-FC60-4B3B-9E32-58F19C7AF6CE}.Debug|x64.Build.0 = Debug|Any CPU
		{BB4E8B9A-FC60-4B3B-9E32-58F19C7AF6CE}.Debug|x86.ActiveCfg = Debug|Any CPU
		{BB4E8B9A-FC60-4B3B-9E32-58F19C7AF6CE}.Debug|x86.Build.0 = Debug|Any CPU
		{BB4E8B9A-FC60-4B3B-9E32-58F19C7AF6CE}.Release|Any CPU.ActiveCfg = Release|Any CPU
		{BB4E8B9A-FC60-4B3B-9E32-58F19C7AF6CE}.Release|Any CPU.Build.0 = Release|Any CPU
		{BB4E8B9A-FC60-4B3B-9E32-58F19C7AF6CE}.Release|x64.ActiveCfg = Release|Any CPU
		{BB4E8B9A-FC60-4B3B-9E32-58F19C7AF6CE}.Release|x64.Build.0 = Release|Any CPU
		{BB4E8B9A-FC60-4B3B-9E32-58F19C7AF6CE}.Release|x86.ActiveCfg = Release|Any CPU
		{BB4E8B9A-FC60-4B3B-9E32-58F19C7AF6CE}.Release|x86.Build.0 = Release|Any CPU
		{963834D9-B679-4976-84DC-66638CF4CA0F}.Debug|Any CPU.ActiveCfg = Debug|Any CPU
		{963834D9-B679-4976-84DC-66638CF4CA0F}.Debug|Any CPU.Build.0 = Debug|Any CPU
		{963834D9-B679-4976-84DC-66638CF4CA0F}.Debug|x64.ActiveCfg = Debug|Any CPU
		{963834D9-B679-4976-84DC-66638CF4CA0F}.Debug|x64.Build.0 = Debug|Any CPU
		{963834D9-B679-4976-84DC-66638CF4CA0F}.Debug|x86.ActiveCfg = Debug|Any CPU
		{963834D9-B679-4976-84DC-66638CF4CA0F}.Debug|x86.Build.0 = Debug|Any CPU
		{963834D9-B679-4976-84DC-66638CF4CA0F}.Release|Any CPU.ActiveCfg = Release|Any CPU
		{963834D9-B679-4976-84DC-66638CF4CA0F}.Release|Any CPU.Build.0 = Release|Any CPU
		{963834D9-B679-4976-84DC-66638CF4CA0F}.Release|x64.ActiveCfg = Release|Any CPU
		{963834D9-B679-4976-84DC-66638CF4CA0F}.Release|x64.Build.0 = Release|Any CPU
		{963834D9-B679-4976-84DC-66638CF4CA0F}.Release|x86.ActiveCfg = Release|Any CPU
		{963834D9-B679-4976-84DC-66638CF4CA0F}.Release|x86.Build.0 = Release|Any CPU
		{1E8F20B7-3F2A-448E-AE28-F195D634BECD}.Debug|Any CPU.ActiveCfg = Debug|Any CPU
		{1E8F20B7-3F2A-448E-AE28-F195D634BECD}.Debug|Any CPU.Build.0 = Debug|Any CPU
		{1E8F20B7-3F2A-448E-AE28-F195D634BECD}.Debug|x64.ActiveCfg = Debug|Any CPU
		{1E8F20B7-3F2A-448E-AE28-F195D634BECD}.Debug|x64.Build.0 = Debug|Any CPU
		{1E8F20B7-3F2A-448E-AE28-F195D634BECD}.Debug|x86.ActiveCfg = Debug|Any CPU
		{1E8F20B7-3F2A-448E-AE28-F195D634BECD}.Debug|x86.Build.0 = Debug|Any CPU
		{1E8F20B7-3F2A-448E-AE28-F195D634BECD}.Release|Any CPU.ActiveCfg = Release|Any CPU
		{1E8F20B7-3F2A-448E-AE28-F195D634BECD}.Release|Any CPU.Build.0 = Release|Any CPU
		{1E8F20B7-3F2A-448E-AE28-F195D634BECD}.Release|x64.ActiveCfg = Release|Any CPU
		{1E8F20B7-3F2A-448E-AE28-F195D634BECD}.Release|x64.Build.0 = Release|Any CPU
		{1E8F20B7-3F2A-448E-AE28-F195D634BECD}.Release|x86.ActiveCfg = Release|Any CPU
		{1E8F20B7-3F2A-448E-AE28-F195D634BECD}.Release|x86.Build.0 = Release|Any CPU
	EndGlobalSection
	GlobalSection(SolutionProperties) = preSolution
		HideSolutionNode = FALSE
	EndGlobalSection
	GlobalSection(NestedProjects) = preSolution
		{F575599F-41AD-4CDD-B0AD-3B659A43EE84} = {FF6F9ABE-66F6-42F0-BB6C-D0C8C7372150}
		{A037E740-83F9-49A4-8974-42D589B0503A} = {FF6F9ABE-66F6-42F0-BB6C-D0C8C7372150}
		{9A526F06-5464-43FF-9303-D6CAFAD088F8} = {FF6F9ABE-66F6-42F0-BB6C-D0C8C7372150}
		{27BFA98C-2EAB-45C1-9E38-80C278A7E782} = {B8139910-E45E-4FC3-AD98-FDE9FEAFD45D}
		{BF90B8C4-CF40-4994-A599-D6658C038819} = {B8139910-E45E-4FC3-AD98-FDE9FEAFD45D}
		{BB4E8B9A-FC60-4B3B-9E32-58F19C7AF6CE} = {B8139910-E45E-4FC3-AD98-FDE9FEAFD45D}
		{963834D9-B679-4976-84DC-66638CF4CA0F} = {B8139910-E45E-4FC3-AD98-FDE9FEAFD45D}
		{1E8F20B7-3F2A-448E-AE28-F195D634BECD} = {FF6F9ABE-66F6-42F0-BB6C-D0C8C7372150}
	EndGlobalSection
	GlobalSection(ExtensibilityGlobals) = postSolution
		SolutionGuid = {92BA1502-D540-4EF8-93F0-4D7EA682B10B}
	EndGlobalSection
EndGlobal
