
Microsoft Visual Studio Solution File, Format Version 12.00
# Visual Studio 15
VisualStudioVersion = 15.0.26124.0
MinimumVisualStudioVersion = 15.0.26124.0
Project("{2150E333-8FDC-42A3-9474-1A3956D46DE8}") = "src", "src", "{FF6F9ABE-66F6-42F0-BB6C-D0C8C7372150}"
EndProject
Project("{FAE04EC0-301F-11D3-BF4B-00C04F79EFBC}") = "Microsoft.Identity.Client.Extensions", "src\Microsoft.Identity.Client.Extensions\Microsoft.Identity.Client.Extensions.csproj", "{3AEFAFAC-CF36-4FF9-9A64-0F4FCEB609BE}"
EndProject
Project("{2150E333-8FDC-42A3-9474-1A3956D46DE8}") = "tests", "tests", "{B8139910-E45E-4FC3-AD98-FDE9FEAFD45D}"
EndProject
Project("{FAE04EC0-301F-11D3-BF4B-00C04F79EFBC}") = "Microsoft.Identity.Client.Extensions.UnitTests", "tests\Microsoft.Identity.Client.Extensions.UnitTests\Microsoft.Identity.Client.Extensions.UnitTests.csproj", "{94FFF9F0-ECEC-4407-BA2C-A219FE77A5A4}"
EndProject
Project("{FAE04EC0-301F-11D3-BF4B-00C04F79EFBC}") = "Microsoft.Identity.Client.WebExtensions.UnitTests", "tests\Microsoft.Identity.Client.WebExtensions.UnitTests\Microsoft.Identity.Client.WebExtensions.UnitTests.csproj", "{89A2A5AA-7F3C-4CFC-8086-BE006541ECA9}"
EndProject
Project("{FAE04EC0-301F-11D3-BF4B-00C04F79EFBC}") = "Microsoft.Identity.Client.WebExtensions", "src\Microsoft.Identity.Client.WebExtensions\Microsoft.Identity.Client.WebExtensions.csproj", "{C1FABF57-2E87-4514-BE8F-FB727B93F3B5}"
EndProject
Global
	GlobalSection(SolutionConfigurationPlatforms) = preSolution
		Debug|Any CPU = Debug|Any CPU
		Debug|x64 = Debug|x64
		Debug|x86 = Debug|x86
		Release|Any CPU = Release|Any CPU
		Release|x64 = Release|x64
		Release|x86 = Release|x86
	EndGlobalSection
	GlobalSection(SolutionProperties) = preSolution
		HideSolutionNode = FALSE
	EndGlobalSection
	GlobalSection(ProjectConfigurationPlatforms) = postSolution
		{3AEFAFAC-CF36-4FF9-9A64-0F4FCEB609BE}.Debug|Any CPU.ActiveCfg = Debug|Any CPU
		{3AEFAFAC-CF36-4FF9-9A64-0F4FCEB609BE}.Debug|Any CPU.Build.0 = Debug|Any CPU
		{3AEFAFAC-CF36-4FF9-9A64-0F4FCEB609BE}.Debug|x64.ActiveCfg = Debug|Any CPU
		{3AEFAFAC-CF36-4FF9-9A64-0F4FCEB609BE}.Debug|x64.Build.0 = Debug|Any CPU
		{3AEFAFAC-CF36-4FF9-9A64-0F4FCEB609BE}.Debug|x86.ActiveCfg = Debug|Any CPU
		{3AEFAFAC-CF36-4FF9-9A64-0F4FCEB609BE}.Debug|x86.Build.0 = Debug|Any CPU
		{3AEFAFAC-CF36-4FF9-9A64-0F4FCEB609BE}.Release|Any CPU.ActiveCfg = Release|Any CPU
		{3AEFAFAC-CF36-4FF9-9A64-0F4FCEB609BE}.Release|Any CPU.Build.0 = Release|Any CPU
		{3AEFAFAC-CF36-4FF9-9A64-0F4FCEB609BE}.Release|x64.ActiveCfg = Release|Any CPU
		{3AEFAFAC-CF36-4FF9-9A64-0F4FCEB609BE}.Release|x64.Build.0 = Release|Any CPU
		{3AEFAFAC-CF36-4FF9-9A64-0F4FCEB609BE}.Release|x86.ActiveCfg = Release|Any CPU
		{3AEFAFAC-CF36-4FF9-9A64-0F4FCEB609BE}.Release|x86.Build.0 = Release|Any CPU
		{94FFF9F0-ECEC-4407-BA2C-A219FE77A5A4}.Debug|Any CPU.ActiveCfg = Debug|Any CPU
		{94FFF9F0-ECEC-4407-BA2C-A219FE77A5A4}.Debug|Any CPU.Build.0 = Debug|Any CPU
		{94FFF9F0-ECEC-4407-BA2C-A219FE77A5A4}.Debug|x64.ActiveCfg = Debug|Any CPU
		{94FFF9F0-ECEC-4407-BA2C-A219FE77A5A4}.Debug|x64.Build.0 = Debug|Any CPU
		{94FFF9F0-ECEC-4407-BA2C-A219FE77A5A4}.Debug|x86.ActiveCfg = Debug|Any CPU
		{94FFF9F0-ECEC-4407-BA2C-A219FE77A5A4}.Debug|x86.Build.0 = Debug|Any CPU
		{94FFF9F0-ECEC-4407-BA2C-A219FE77A5A4}.Release|Any CPU.ActiveCfg = Release|Any CPU
		{94FFF9F0-ECEC-4407-BA2C-A219FE77A5A4}.Release|Any CPU.Build.0 = Release|Any CPU
		{94FFF9F0-ECEC-4407-BA2C-A219FE77A5A4}.Release|x64.ActiveCfg = Release|Any CPU
		{94FFF9F0-ECEC-4407-BA2C-A219FE77A5A4}.Release|x64.Build.0 = Release|Any CPU
		{94FFF9F0-ECEC-4407-BA2C-A219FE77A5A4}.Release|x86.ActiveCfg = Release|Any CPU
		{94FFF9F0-ECEC-4407-BA2C-A219FE77A5A4}.Release|x86.Build.0 = Release|Any CPU
		{89A2A5AA-7F3C-4CFC-8086-BE006541ECA9}.Debug|Any CPU.ActiveCfg = Debug|Any CPU
		{89A2A5AA-7F3C-4CFC-8086-BE006541ECA9}.Debug|Any CPU.Build.0 = Debug|Any CPU
		{89A2A5AA-7F3C-4CFC-8086-BE006541ECA9}.Debug|x64.ActiveCfg = Debug|Any CPU
		{89A2A5AA-7F3C-4CFC-8086-BE006541ECA9}.Debug|x64.Build.0 = Debug|Any CPU
		{89A2A5AA-7F3C-4CFC-8086-BE006541ECA9}.Debug|x86.ActiveCfg = Debug|Any CPU
		{89A2A5AA-7F3C-4CFC-8086-BE006541ECA9}.Debug|x86.Build.0 = Debug|Any CPU
		{89A2A5AA-7F3C-4CFC-8086-BE006541ECA9}.Release|Any CPU.ActiveCfg = Release|Any CPU
		{89A2A5AA-7F3C-4CFC-8086-BE006541ECA9}.Release|Any CPU.Build.0 = Release|Any CPU
		{89A2A5AA-7F3C-4CFC-8086-BE006541ECA9}.Release|x64.ActiveCfg = Release|Any CPU
		{89A2A5AA-7F3C-4CFC-8086-BE006541ECA9}.Release|x64.Build.0 = Release|Any CPU
		{89A2A5AA-7F3C-4CFC-8086-BE006541ECA9}.Release|x86.ActiveCfg = Release|Any CPU
		{89A2A5AA-7F3C-4CFC-8086-BE006541ECA9}.Release|x86.Build.0 = Release|Any CPU
		{C1FABF57-2E87-4514-BE8F-FB727B93F3B5}.Debug|Any CPU.ActiveCfg = Debug|Any CPU
		{C1FABF57-2E87-4514-BE8F-FB727B93F3B5}.Debug|Any CPU.Build.0 = Debug|Any CPU
		{C1FABF57-2E87-4514-BE8F-FB727B93F3B5}.Debug|x64.ActiveCfg = Debug|Any CPU
		{C1FABF57-2E87-4514-BE8F-FB727B93F3B5}.Debug|x64.Build.0 = Debug|Any CPU
		{C1FABF57-2E87-4514-BE8F-FB727B93F3B5}.Debug|x86.ActiveCfg = Debug|Any CPU
		{C1FABF57-2E87-4514-BE8F-FB727B93F3B5}.Debug|x86.Build.0 = Debug|Any CPU
		{C1FABF57-2E87-4514-BE8F-FB727B93F3B5}.Release|Any CPU.ActiveCfg = Release|Any CPU
		{C1FABF57-2E87-4514-BE8F-FB727B93F3B5}.Release|Any CPU.Build.0 = Release|Any CPU
		{C1FABF57-2E87-4514-BE8F-FB727B93F3B5}.Release|x64.ActiveCfg = Release|Any CPU
		{C1FABF57-2E87-4514-BE8F-FB727B93F3B5}.Release|x64.Build.0 = Release|Any CPU
		{C1FABF57-2E87-4514-BE8F-FB727B93F3B5}.Release|x86.ActiveCfg = Release|Any CPU
		{C1FABF57-2E87-4514-BE8F-FB727B93F3B5}.Release|x86.Build.0 = Release|Any CPU
	EndGlobalSection
	GlobalSection(NestedProjects) = preSolution
		{3AEFAFAC-CF36-4FF9-9A64-0F4FCEB609BE} = {FF6F9ABE-66F6-42F0-BB6C-D0C8C7372150}
		{94FFF9F0-ECEC-4407-BA2C-A219FE77A5A4} = {B8139910-E45E-4FC3-AD98-FDE9FEAFD45D}
		{89A2A5AA-7F3C-4CFC-8086-BE006541ECA9} = {B8139910-E45E-4FC3-AD98-FDE9FEAFD45D}
		{C1FABF57-2E87-4514-BE8F-FB727B93F3B5} = {FF6F9ABE-66F6-42F0-BB6C-D0C8C7372150}
	EndGlobalSection
EndGlobal
